
Microsoft Visual Studio Solution File, Format Version 12.00
# Visual Studio 15
VisualStudioVersion = 15.0.26228.4
MinimumVisualStudioVersion = 10.0.40219.1
Project("{9A19103F-16F7-4668-BE54-9A1E7A4F7556}") = "VueExperiment", "VueExperiment.csproj", "{EEA6C10C-6B50-40A9-8CA6-051F07624C16}"
EndProject
Global
	GlobalSection(SolutionConfigurationPlatforms) = preSolution
		Debug|Any CPU = Debug|Any CPU
		Release|Any CPU = Release|Any CPU
	EndGlobalSection
	GlobalSection(ProjectConfigurationPlatforms) = postSolution
		{EEA6C10C-6B50-40A9-8CA6-051F07624C16}.Debug|Any CPU.ActiveCfg = Debug|Any CPU
		{EEA6C10C-6B50-40A9-8CA6-051F07624C16}.Debug|Any CPU.Build.0 = Debug|Any CPU
		{EEA6C10C-6B50-40A9-8CA6-051F07624C16}.Release|Any CPU.ActiveCfg = Release|Any CPU
		{EEA6C10C-6B50-40A9-8CA6-051F07624C16}.Release|Any CPU.Build.0 = Release|Any CPU
	EndGlobalSection
	GlobalSection(SolutionProperties) = preSolution
		HideSolutionNode = FALSE
	EndGlobalSection
EndGlobal
